
Microsoft Visual Studio Solution File, Format Version 12.00
# Visual Studio Version 17
VisualStudioVersion = 17.13.35931.197 d17.13
MinimumVisualStudioVersion = 10.0.40219.1
Project("{FAE04EC0-301F-11D3-BF4B-00C04F79EFBC}") = "Tekken_Project2", "Tekken_Project2.csproj", "{B29AE0CF-AAAC-4E2F-8010-3BBDE8D01D55}"
EndProject
Global
	GlobalSection(SolutionConfigurationPlatforms) = preSolution
		Debug|Any CPU = Debug|Any CPU
		Release|Any CPU = Release|Any CPU
	EndGlobalSection
	GlobalSection(ProjectConfigurationPlatforms) = postSolution
		{B29AE0CF-AAAC-4E2F-8010-3BBDE8D01D55}.Debug|Any CPU.ActiveCfg = Debug|Any CPU
		{B29AE0CF-AAAC-4E2F-8010-3BBDE8D01D55}.Debug|Any CPU.Build.0 = Debug|Any CPU
		{B29AE0CF-AAAC-4E2F-8010-3BBDE8D01D55}.Release|Any CPU.ActiveCfg = Release|Any CPU
		{B29AE0CF-AAAC-4E2F-8010-3BBDE8D01D55}.Release|Any CPU.Build.0 = Release|Any CPU
	EndGlobalSection
	GlobalSection(SolutionProperties) = preSolution
		HideSolutionNode = FALSE
	EndGlobalSection
	GlobalSection(ExtensibilityGlobals) = postSolution
		SolutionGuid = {4173C05C-934E-4165-9A66-2FED5455E487}
	EndGlobalSection
EndGlobal
